<Solution>
  <Project Path="FlyingMachine.Contracts/FlyingMachine.Contracts.csproj" Id="c8f3e2a1-4b5d-6e7f-8a9b-0c1d2e3f4a5b" />
  <Project Path="FlyingMachine.Library/FlyingMachine.Library.csproj" Id="d9e4f3b2-5c6d-7e8f-9a0b-1c2d3e4f5a6c" />
  <Project Path="dotnet2.csproj" Id="1960ce6e-86c5-49c1-a155-32b9bf23e182" />
</Solution>
